GEM
  remote: https://rubygems.org/
  specs:
    erubis (2.7.0)
    ffi-yajl (2.4.0)
      libyajl2 (>= 1.2)
    foodcritic (16.3.0)
      erubis
      ffi-yajl (~> 2.0)
      nokogiri (>= 1.5, < 2.0)
      rake
      rufus-lru (~> 1.0)
      treetop (~> 1.4)
    libyajl2 (2.1.0)
    mini_portile2 (2.8.0)
    nokogiri (1.13.6)
      mini_portile2 (~> 2.8.0)
      racc (~> 1.4)
    polyglot (0.3.5)
    racc (1.6.0)
    rake (13.0.6)
    rufus-lru (1.1.0)
    treetop (1.6.11)
      polyglot (~> 0.3)

PLATFORMS
  ruby

DEPENDENCIES
  foodcritic (>= 4.0.0)

BUNDLED WITH
   2.1.4
